
Microsoft Visual Studio Solution File, Format Version 12.00
# Visual Studio Version 16
VisualStudioVersion = 16.0.28803.202
MinimumVisualStudioVersion = 10.0.40219.1
Project("{FAE04EC0-301F-11D3-BF4B-00C04F79EFBC}") = "Diziler", "WindowsFormsApp1\Diziler.csproj", "{91956792-C2B6-490E-A383-40C4605C461B}"
EndProject
Global
	GlobalSection(SolutionConfigurationPlatforms) = preSolution
		Debug|Any CPU = Debug|Any CPU
		Release|Any CPU = Release|Any CPU
	EndGlobalSection
	GlobalSection(ProjectConfigurationPlatforms) = postSolution
		{91956792-C2B6-490E-A383-40C4605C461B}.Debug|Any CPU.ActiveCfg = Debug|Any CPU
		{91956792-C2B6-490E-A383-40C4605C461B}.Debug|Any CPU.Build.0 = Debug|Any CPU
		{91956792-C2B6-490E-A383-40C4605C461B}.Release|Any CPU.ActiveCfg = Release|Any CPU
		{91956792-C2B6-490E-A383-40C4605C461B}.Release|Any CPU.Build.0 = Release|Any CPU
	EndGlobalSection
	GlobalSection(SolutionProperties) = preSolution
		HideSolutionNode = FALSE
	EndGlobalSection
	GlobalSection(ExtensibilityGlobals) = postSolution
		SolutionGuid = {A82F9D1B-4661-4547-B46E-BAD2AACF0844}
	EndGlobalSection
EndGlobal
